
Microsoft Visual Studio Solution File, Format Version 12.00
# Visual Studio 15
VisualStudioVersion = 15.0.27703.2018
MinimumVisualStudioVersion = 10.0.40219.1
Project("{8BC9CEB8-8B4A-11D0-8D11-00A0C91BC942}") = "Screen Melter", "Screen Melter\Screen Melter.vcxproj", "{B4C1D45A-B976-4F8F-82DC-6D95D38CC4E2}"
EndProject
Global
	GlobalSection(SolutionConfigurationPlatforms) = preSolution
		Debug|x64 = Debug|x64
		Debug|x86 = Debug|x86
		Release|x64 = Release|x64
		Release|x86 = Release|x86
	EndGlobalSection
	GlobalSection(ProjectConfigurationPlatforms) = postSolution
		{B4C1D45A-B976-4F8F-82DC-6D95D38CC4E2}.Debug|x64.ActiveCfg = Debug|x64
		{B4C1D45A-B976-4F8F-82DC-6D95D38CC4E2}.Debug|x64.Build.0 = Debug|x64
		{B4C1D45A-B976-4F8F-82DC-6D95D38CC4E2}.Debug|x86.ActiveCfg = Debug|Win32
		{B4C1D45A-B976-4F8F-82DC-6D95D38CC4E2}.Debug|x86.Build.0 = Debug|Win32
		{B4C1D45A-B976-4F8F-82DC-6D95D38CC4E2}.Release|x64.ActiveCfg = Release|x64
		{B4C1D45A-B976-4F8F-82DC-6D95D38CC4E2}.Release|x64.Build.0 = Release|x64
		{B4C1D45A-B976-4F8F-82DC-6D95D38CC4E2}.Release|x86.ActiveCfg = Release|Win32
		{B4C1D45A-B976-4F8F-82DC-6D95D38CC4E2}.Release|x86.Build.0 = Release|Win32
	EndGlobalSection
	GlobalSection(SolutionProperties) = preSolution
		HideSolutionNode = FALSE
	EndGlobalSection
	GlobalSection(ExtensibilityGlobals) = postSolution
		SolutionGuid = {41E695B7-4596-45AC-B892-483E76FC1F8B}
	EndGlobalSection
EndGlobal
