
Microsoft Visual Studio Solution File, Format Version 12.00
# Visual Studio 15
VisualStudioVersion = 15.0.27428.2015
MinimumVisualStudioVersion = 10.0.40219.1
Project("{FAE04EC0-301F-11D3-BF4B-00C04F79EFBC}") = "Trojan.VEx.Win32", "Trojan.VEx.Win32\Trojan.VEx.Win32.csproj", "{77FEB52B-1501-4E37-8459-60588907F815}"
EndProject
Global
	GlobalSection(SolutionConfigurationPlatforms) = preSolution
		Debug|Any CPU = Debug|Any CPU
		Release|Any CPU = Release|Any CPU
	EndGlobalSection
	GlobalSection(ProjectConfigurationPlatforms) = postSolution
		{77FEB52B-1501-4E37-8459-60588907F815}.Debug|Any CPU.ActiveCfg = Debug|Any CPU
		{77FEB52B-1501-4E37-8459-60588907F815}.Debug|Any CPU.Build.0 = Debug|Any CPU
		{77FEB52B-1501-4E37-8459-60588907F815}.Release|Any CPU.ActiveCfg = Release|Any CPU
		{77FEB52B-1501-4E37-8459-60588907F815}.Release|Any CPU.Build.0 = Release|Any CPU
	EndGlobalSection
	GlobalSection(SolutionProperties) = preSolution
		HideSolutionNode = FALSE
	EndGlobalSection
	GlobalSection(ExtensibilityGlobals) = postSolution
		SolutionGuid = {50C691C1-C379-4942-9F20-411D9EE60FE7}
	EndGlobalSection
EndGlobal
